// !$*UTF8*$!
{
	archiveVersion = 1;
	classes = {
	};
	objectVersion = 50;
	objects = {

/* Begin PBXBuildFile section */
		6903806D216450120097EC00 /* AppDelegate.swift in Sources */ = {isa = PBXBuildFile; fileRef = 6903806C216450120097EC00 /* AppDelegate.swift */; };
		6903806F216450120097EC00 /* ViewController.swift in Sources */ = {isa = PBXBuildFile; fileRef = 6903806E216450120097EC00 /* ViewController.swift */; };
		69038072216450120097EC00 /* Main.storyboard in Resources */ = {isa = PBXBuildFile; fileRef = 69038070216450120097EC00 /* Main.storyboard */; };
		69038074216450130097EC00 /* Assets.xcassets in Resources */ = {isa = PBXBuildFile; fileRef = 69038073216450130097EC00 /* Assets.xcassets */; };
		69038077216450130097EC00 /* LaunchScreen.storyboard in Resources */ = {isa = PBXBuildFile; fileRef = 69038075216450130097EC00 /* LaunchScreen.storyboard */; };
		6903807F2164503A0097EC00 /* GoogleService-Info.plist in Resources */ = {isa = PBXBuildFile; fileRef = 6903807E2164503A0097EC00 /* GoogleService-Info.plist */; };
		6907C0B421796A6D005359C9 /* DashBoardModel.swift in Sources */ = {isa = PBXBuildFile; fileRef = 6907C0B321796A6D005359C9 /* DashBoardModel.swift */; };
		69468B74218AA3AF00EE0CF7 /* SettingsViewController.swift in Sources */ = {isa = PBXBuildFile; fileRef = 69468B73218AA3AF00EE0CF7 /* SettingsViewController.swift */; };
		69468B76218AA3EE00EE0CF7 /* ExpensesViewController.swift in Sources */ = {isa = PBXBuildFile; fileRef = 69468B75218AA3EE00EE0CF7 /* ExpensesViewController.swift */; };
		69468B78218AA41F00EE0CF7 /* ProfileViewController.swift in Sources */ = {isa = PBXBuildFile; fileRef = 69468B77218AA41F00EE0CF7 /* ProfileViewController.swift */; };
		6970614921A65B1000F2DC8A /* Token.swift in Sources */ = {isa = PBXBuildFile; fileRef = 6970614821A65B1000F2DC8A /* Token.swift */; };
		6970614B21A6613D00F2DC8A /* Wallet.swift in Sources */ = {isa = PBXBuildFile; fileRef = 6970614A21A6613D00F2DC8A /* Wallet.swift */; };
		6970614D21A66E2500F2DC8A /* Expense.swift in Sources */ = {isa = PBXBuildFile; fileRef = 6970614C21A66E2500F2DC8A /* Expense.swift */; };
		697E6DDB2188B3C60010D54D /* credentials.plist in Resources */ = {isa = PBXBuildFile; fileRef = 697E6DDA2188B3C60010D54D /* credentials.plist */; };
		69FB60AC21A794470043A9B8 /* NewExpenseViewController.swift in Sources */ = {isa = PBXBuildFile; fileRef = 69FB60AB21A794470043A9B8 /* NewExpenseViewController.swift */; };
		AC773395E41D9A72AC45CBDD /* Pods_Numus.framework in Frameworks */ = {isa = PBXBuildFile; fileRef = 9FB8C2E572A79D47E5DFB514 /* Pods_Numus.framework */; };
/* End PBXBuildFile section */

/* Begin PBXFileReference section */
		69038069216450120097EC00 /* Numus.app */ = {isa = PBXFileReference; explicitFileType = wrapper.application; includeInIndex = 0; path = Numus.app; sourceTree = BUILT_PRODUCTS_DIR; };
		6903806C216450120097EC00 /* AppDelegate.swift */ = {isa = PBXFileReference; lastKnownFileType = sourcecode.swift; path = AppDelegate.swift; sourceTree = "<group>"; };
		6903806E216450120097EC00 /* ViewController.swift */ = {isa = PBXFileReference; lastKnownFileType = sourcecode.swift; path = ViewController.swift; sourceTree = "<group>"; };
		69038071216450120097EC00 /* Base */ = {isa = PBXFileReference; lastKnownFileType = file.storyboard; name = Base; path = Base.lproj/Main.storyboard; sourceTree = "<group>"; };
		69038073216450130097EC00 /* Assets.xcassets */ = {isa = PBXFileReference; lastKnownFileType = folder.assetcatalog; path = Assets.xcassets; sourceTree = "<group>"; };
		69038076216450130097EC00 /* Base */ = {isa = PBXFileReference; lastKnownFileType = file.storyboard; name = Base; path = Base.lproj/LaunchScreen.storyboard; sourceTree = "<group>"; };
		69038078216450130097EC00 /* Info.plist */ = {isa = PBXFileReference; lastKnownFileType = text.plist.xml; path = Info.plist; sourceTree = "<group>"; };
		6903807E2164503A0097EC00 /* GoogleService-Info.plist */ = {isa = PBXFileReference; fileEncoding = 4; lastKnownFileType = text.plist.xml; path = "GoogleService-Info.plist"; sourceTree = "<group>"; };
		6907C0B321796A6D005359C9 /* DashBoardModel.swift */ = {isa = PBXFileReference; lastKnownFileType = sourcecode.swift; path = DashBoardModel.swift; sourceTree = "<group>"; };
		6945699A2176C3EF00E837A9 /* Numus.entitlements */ = {isa = PBXFileReference; lastKnownFileType = text.plist.entitlements; path = Numus.entitlements; sourceTree = "<group>"; };
		69468B73218AA3AF00EE0CF7 /* SettingsViewController.swift */ = {isa = PBXFileReference; lastKnownFileType = sourcecode.swift; path = SettingsViewController.swift; sourceTree = "<group>"; };
		69468B75218AA3EE00EE0CF7 /* ExpensesViewController.swift */ = {isa = PBXFileReference; lastKnownFileType = sourcecode.swift; path = ExpensesViewController.swift; sourceTree = "<group>"; };
		69468B77218AA41F00EE0CF7 /* ProfileViewController.swift */ = {isa = PBXFileReference; lastKnownFileType = sourcecode.swift; path = ProfileViewController.swift; sourceTree = "<group>"; };
		6970614821A65B1000F2DC8A /* Token.swift */ = {isa = PBXFileReference; lastKnownFileType = sourcecode.swift; path = Token.swift; sourceTree = "<group>"; };
		6970614A21A6613D00F2DC8A /* Wallet.swift */ = {isa = PBXFileReference; lastKnownFileType = sourcecode.swift; path = Wallet.swift; sourceTree = "<group>"; };
		6970614C21A66E2500F2DC8A /* Expense.swift */ = {isa = PBXFileReference; lastKnownFileType = sourcecode.swift; path = Expense.swift; sourceTree = "<group>"; };
		697E6DDA2188B3C60010D54D /* credentials.plist */ = {isa = PBXFileReference; fileEncoding = 4; lastKnownFileType = text.plist.xml; path = credentials.plist; sourceTree = "<group>"; };
		69FB60AB21A794470043A9B8 /* NewExpenseViewController.swift */ = {isa = PBXFileReference; lastKnownFileType = sourcecode.swift; path = NewExpenseViewController.swift; sourceTree = "<group>"; };
		9FB8C2E572A79D47E5DFB514 /* Pods_Numus.framework */ = {isa = PBXFileReference; explicitFileType = wrapper.framework; includeInIndex = 0; path = Pods_Numus.framework; sourceTree = BUILT_PRODUCTS_DIR; };
		BE96D11F92E52C067F2280B3 /* Pods-Numus.debug.xcconfig */ = {isa = PBXFileReference; includeInIndex = 1; lastKnownFileType = text.xcconfig; name = "Pods-Numus.debug.xcconfig"; path = "Pods/Target Support Files/Pods-Numus/Pods-Numus.debug.xcconfig"; sourceTree = "<group>"; };
		CDB3B6804E80BECF38E33B8A /* Pods-Numus.release.xcconfig */ = {isa = PBXFileReference; includeInIndex = 1; lastKnownFileType = text.xcconfig; name = "Pods-Numus.release.xcconfig"; path = "Pods/Target Support Files/Pods-Numus/Pods-Numus.release.xcconfig"; sourceTree = "<group>"; };
/* End PBXFileReference section */

/* Begin PBXFrameworksBuildPhase section */
		69038066216450120097EC00 /* Frameworks */ = {
			isa = PBXFrameworksBuildPhase;
			buildActionMask = 2147483647;
			files = (
				AC773395E41D9A72AC45CBDD /* Pods_Numus.framework in Frameworks */,
			);
			runOnlyForDeploymentPostprocessing = 0;
		};
/* End PBXFrameworksBuildPhase section */

/* Begin PBXGroup section */
		67C1B3DE416ED3C2204FF9B9 /* Pods */ = {
			isa = PBXGroup;
			children = (
				BE96D11F92E52C067F2280B3 /* Pods-Numus.debug.xcconfig */,
				CDB3B6804E80BECF38E33B8A /* Pods-Numus.release.xcconfig */,
			);
			name = Pods;
			sourceTree = "<group>";
		};
		69038060216450120097EC00 = {
			isa = PBXGroup;
			children = (
				6903806B216450120097EC00 /* Numus */,
				6903806A216450120097EC00 /* Products */,
				67C1B3DE416ED3C2204FF9B9 /* Pods */,
				DDB67A07370F474735DC3E6D /* Frameworks */,
			);
			sourceTree = "<group>";
		};
		6903806A216450120097EC00 /* Products */ = {
			isa = PBXGroup;
			children = (
				69038069216450120097EC00 /* Numus.app */,
			);
			name = Products;
			sourceTree = "<group>";
		};
		6903806B216450120097EC00 /* Numus */ = {
			isa = PBXGroup;
			children = (
				6945699A2176C3EF00E837A9 /* Numus.entitlements */,
				69038078216450130097EC00 /* Info.plist */,
				692E95E52176848F00AE8BB4 /* Supporting Files */,
				692E95E4217683A000AE8BB4 /* Controller */,
				692E95E32176838D00AE8BB4 /* Model */,
				692E95E22176837C00AE8BB4 /* View */,
				69038073216450130097EC00 /* Assets.xcassets */,
				69038075216450130097EC00 /* LaunchScreen.storyboard */,
				6903807E2164503A0097EC00 /* GoogleService-Info.plist */,
				697E6DDA2188B3C60010D54D /* credentials.plist */,
			);
			path = Numus;
			sourceTree = "<group>";
		};
		692E95E22176837C00AE8BB4 /* View */ = {
			isa = PBXGroup;
			children = (
				69038070216450120097EC00 /* Main.storyboard */,
			);
			path = View;
			sourceTree = "<group>";
		};
		692E95E32176838D00AE8BB4 /* Model */ = {
			isa = PBXGroup;
			children = (
				6970614821A65B1000F2DC8A /* Token.swift */,
				6907C0B321796A6D005359C9 /* DashBoardModel.swift */,
				6970614A21A6613D00F2DC8A /* Wallet.swift */,
				6970614C21A66E2500F2DC8A /* Expense.swift */,
			);
			path = Model;
			sourceTree = "<group>";
		};
		692E95E4217683A000AE8BB4 /* Controller */ = {
			isa = PBXGroup;
			children = (
				6903806C216450120097EC00 /* AppDelegate.swift */,
				6903806E216450120097EC00 /* ViewController.swift */,
				69468B73218AA3AF00EE0CF7 /* SettingsViewController.swift */,
				69468B75218AA3EE00EE0CF7 /* ExpensesViewController.swift */,
				69468B77218AA41F00EE0CF7 /* ProfileViewController.swift */,
				69FB60AB21A794470043A9B8 /* NewExpenseViewController.swift */,
			);
			path = Controller;
			sourceTree = "<group>";
		};
		692E95E52176848F00AE8BB4 /* Supporting Files */ = {
			isa = PBXGroup;
			children = (
			);
			path = "Supporting Files";
			sourceTree = "<group>";
		};
		DDB67A07370F474735DC3E6D /* Frameworks */ = {
			isa = PBXGroup;
			children = (
				9FB8C2E572A79D47E5DFB514 /* Pods_Numus.framework */,
			);
			name = Frameworks;
			sourceTree = "<group>";
		};
/* End PBXGroup section */

/* Begin PBXNativeTarget section */
		69038068216450120097EC00 /* Numus */ = {
			isa = PBXNativeTarget;
			buildConfigurationList = 6903807B216450130097EC00 /* Build configuration list for PBXNativeTarget "Numus" */;
			buildPhases = (
				EFB9646866544CB07FAC0F09 /* [CP] Check Pods Manifest.lock */,
				69038065216450120097EC00 /* Sources */,
				69038066216450120097EC00 /* Frameworks */,
				69038067216450120097EC00 /* Resources */,
				701CF068441F97F9306B1BD3 /* [CP] Embed Pods Frameworks */,
				DE5C929CF3599885C070401D /* [CP] Copy Pods Resources */,
			);
			buildRules = (
			);
			dependencies = (
			);
			name = Numus;
			productName = Numus;
			productReference = 69038069216450120097EC00 /* Numus.app */;
			productType = "com.apple.product-type.application";
		};
/* End PBXNativeTarget section */

/* Begin PBXProject section */
		69038061216450120097EC00 /* Project object */ = {
			isa = PBXProject;
			attributes = {
				LastSwiftUpdateCheck = 1000;
				LastUpgradeCheck = 1000;
				ORGANIZATIONNAME = itesm;
				TargetAttributes = {
					69038068216450120097EC00 = {
						CreatedOnToolsVersion = 10.0;
						SystemCapabilities = {
							com.apple.Keychain = {
								enabled = 1;
							};
						};
					};
				};
			};
			buildConfigurationList = 69038064216450120097EC00 /* Build configuration list for PBXProject "Numus" */;
			compatibilityVersion = "Xcode 9.3";
			developmentRegion = en;
			hasScannedForEncodings = 0;
			knownRegions = (
				en,
				Base,
			);
			mainGroup = 69038060216450120097EC00;
			productRefGroup = 6903806A216450120097EC00 /* Products */;
			projectDirPath = "";
			projectRoot = "";
			targets = (
				69038068216450120097EC00 /* Numus */,
			);
		};
/* End PBXProject section */

/* Begin PBXResourcesBuildPhase section */
		69038067216450120097EC00 /* Resources */ = {
			isa = PBXResourcesBuildPhase;
			buildActionMask = 2147483647;
			files = (
				6903807F2164503A0097EC00 /* GoogleService-Info.plist in Resources */,
				69038077216450130097EC00 /* LaunchScreen.storyboard in Resources */,
				697E6DDB2188B3C60010D54D /* credentials.plist in Resources */,
				69038074216450130097EC00 /* Assets.xcassets in Resources */,
				69038072216450120097EC00 /* Main.storyboard in Resources */,
			);
			runOnlyForDeploymentPostprocessing = 0;
		};
/* End PBXResourcesBuildPhase section */

/* Begin PBXShellScriptBuildPhase section */
		701CF068441F97F9306B1BD3 /* [CP] Embed Pods Frameworks */ = {
			isa = PBXShellScriptBuildPhase;
			buildActionMask = 2147483647;
			files = (
			);
			inputPaths = (
				"${SRCROOT}/Pods/Target Support Files/Pods-Numus/Pods-Numus-frameworks.sh",
				"${BUILT_PRODUCTS_DIR}/Alamofire/Alamofire.framework",
				"${BUILT_PRODUCTS_DIR}/Bolts/Bolts.framework",
				"${BUILT_PRODUCTS_DIR}/FBSDKCoreKit/FBSDKCoreKit.framework",
				"${BUILT_PRODUCTS_DIR}/FBSDKLoginKit/FBSDKLoginKit.framework",
				"${BUILT_PRODUCTS_DIR}/GTMOAuth2/GTMOAuth2.framework",
				"${BUILT_PRODUCTS_DIR}/GTMSessionFetcher/GTMSessionFetcher.framework",
				"${BUILT_PRODUCTS_DIR}/GoogleToolboxForMac/GoogleToolboxForMac.framework",
				"${BUILT_PRODUCTS_DIR}/GoogleUtilities/GoogleUtilities.framework",
				"${BUILT_PRODUCTS_DIR}/SVProgressHUD/SVProgressHUD.framework",
				"${BUILT_PRODUCTS_DIR}/SwiftyJSON/SwiftyJSON.framework",
				"${BUILT_PRODUCTS_DIR}/leveldb-library/leveldb.framework",
				"${BUILT_PRODUCTS_DIR}/nanopb/nanopb.framework",
			);
			name = "[CP] Embed Pods Frameworks";
			outputPaths = (
				"${TARGET_BUILD_DIR}/${FRAMEWORKS_FOLDER_PATH}/Alamofire.framework",
				"${TARGET_BUILD_DIR}/${FRAMEWORKS_FOLDER_PATH}/Bolts.framework",
				"${TARGET_BUILD_DIR}/${FRAMEWORKS_FOLDER_PATH}/FBSDKCoreKit.framework",
				"${TARGET_BUILD_DIR}/${FRAMEWORKS_FOLDER_PATH}/FBSDKLoginKit.framework",
				"${TARGET_BUILD_DIR}/${FRAMEWORKS_FOLDER_PATH}/GTMOAuth2.framework",
				"${TARGET_BUILD_DIR}/${FRAMEWORKS_FOLDER_PATH}/GTMSessionFetcher.framework",
				"${TARGET_BUILD_DIR}/${FRAMEWORKS_FOLDER_PATH}/GoogleToolboxForMac.framework",
				"${TARGET_BUILD_DIR}/${FRAMEWORKS_FOLDER_PATH}/GoogleUtilities.framework",
				"${TARGET_BUILD_DIR}/${FRAMEWORKS_FOLDER_PATH}/SVProgressHUD.framework",
				"${TARGET_BUILD_DIR}/${FRAMEWORKS_FOLDER_PATH}/SwiftyJSON.framework",
				"${TARGET_BUILD_DIR}/${FRAMEWORKS_FOLDER_PATH}/leveldb.framework",
				"${TARGET_BUILD_DIR}/${FRAMEWORKS_FOLDER_PATH}/nanopb.framework",
			);
			runOnlyForDeploymentPostprocessing = 0;
			shellPath = /bin/sh;
			shellScript = "\"${SRCROOT}/Pods/Target Support Files/Pods-Numus/Pods-Numus-frameworks.sh\"\n";
			showEnvVarsInLog = 0;
		};
		DE5C929CF3599885C070401D /* [CP] Copy Pods Resources */ = {
			isa = PBXShellScriptBuildPhase;
			buildActionMask = 2147483647;
			files = (
			);
			inputPaths = (
				"${SRCROOT}/Pods/Target Support Files/Pods-Numus/Pods-Numus-resources.sh",
				"${PODS_CONFIGURATION_BUILD_DIR}/FirebaseUI/FirebaseAuthUI.bundle",
				"${PODS_CONFIGURATION_BUILD_DIR}/FirebaseUI/FirebaseFacebookAuthUI.bundle",
				"${PODS_CONFIGURATION_BUILD_DIR}/FirebaseUI/FirebaseGoogleAuthUI.bundle",
				"${PODS_ROOT}/GoogleSignIn/Resources/GoogleSignIn.bundle",
			);
			name = "[CP] Copy Pods Resources";
			outputPaths = (
				"${TARGET_BUILD_DIR}/${UNLOCALIZED_RESOURCES_FOLDER_PATH}/FirebaseAuthUI.bundle",
				"${TARGET_BUILD_DIR}/${UNLOCALIZED_RESOURCES_FOLDER_PATH}/FirebaseFacebookAuthUI.bundle",
				"${TARGET_BUILD_DIR}/${UNLOCALIZED_RESOURCES_FOLDER_PATH}/FirebaseGoogleAuthUI.bundle",
				"${TARGET_BUILD_DIR}/${UNLOCALIZED_RESOURCES_FOLDER_PATH}/GoogleSignIn.bundle",
			);
			runOnlyForDeploymentPostprocessing = 0;
			shellPath = /bin/sh;
			shellScript = "\"${SRCROOT}/Pods/Target Support Files/Pods-Numus/Pods-Numus-resources.sh\"\n";
			showEnvVarsInLog = 0;
		};
		EFB9646866544CB07FAC0F09 /* [CP] Check Pods Manifest.lock */ = {
			isa = PBXShellScriptBuildPhase;
			buildActionMask = 2147483647;
			files = (
			);
			inputPaths = (
				"${PODS_PODFILE_DIR_PATH}/Podfile.lock",
				"${PODS_ROOT}/Manifest.lock",
			);
			name = "[CP] Check Pods Manifest.lock";
			outputPaths = (
				"$(DERIVED_FILE_DIR)/Pods-Numus-checkManifestLockResult.txt",
			);
			runOnlyForDeploymentPostprocessing = 0;
			shellPath = /bin/sh;
			shellScript = "diff \"${PODS_PODFILE_DIR_PATH}/Podfile.lock\" \"${PODS_ROOT}/Manifest.lock\" > /dev/null\nif [ $? != 0 ] ; then\n    # print error to STDERR\n    echo \"error: The sandbox is not in sync with the Podfile.lock. Run 'pod install' or update your CocoaPods installation.\" >&2\n    exit 1\nfi\n# This output is used by Xcode 'outputs' to avoid re-running this script phase.\necho \"SUCCESS\" > \"${SCRIPT_OUTPUT_FILE_0}\"\n";
			showEnvVarsInLog = 0;
		};
/* End PBXShellScriptBuildPhase section */

/* Begin PBXSourcesBuildPhase section */
		69038065216450120097EC00 /* Sources */ = {
			isa = PBXSourcesBuildPhase;
			buildActionMask = 2147483647;
			files = (
				6970614B21A6613D00F2DC8A /* Wallet.swift in Sources */,
				69468B78218AA41F00EE0CF7 /* ProfileViewController.swift in Sources */,
				6970614921A65B1000F2DC8A /* Token.swift in Sources */,
				6903806F216450120097EC00 /* ViewController.swift in Sources */,
				6903806D216450120097EC00 /* AppDelegate.swift in Sources */,
				6907C0B421796A6D005359C9 /* DashBoardModel.swift in Sources */,
				6970614D21A66E2500F2DC8A /* Expense.swift in Sources */,
				69468B76218AA3EE00EE0CF7 /* ExpensesViewController.swift in Sources */,
				69FB60AC21A794470043A9B8 /* NewExpenseViewController.swift in Sources */,
				69468B74218AA3AF00EE0CF7 /* SettingsViewController.swift in Sources */,
			);
			runOnlyForDeploymentPostprocessing = 0;
		};
/* End PBXSourcesBuildPhase section */

/* Begin PBXVariantGroup section */
		69038070216450120097EC00 /* Main.storyboard */ = {
			isa = PBXVariantGroup;
			children = (
				69038071216450120097EC00 /* Base */,
			);
			name = Main.storyboard;
			sourceTree = "<group>";
		};
		69038075216450130097EC00 /* LaunchScreen.storyboard */ = {
			isa = PBXVariantGroup;
			children = (
				69038076216450130097EC00 /* Base */,
			);
			name = LaunchScreen.storyboard;
			sourceTree = "<group>";
		};
/* End PBXVariantGroup section */

/* Begin XCBuildConfiguration section */
		69038079216450130097EC00 /* Debug */ = {
			isa = XCBuildConfiguration;
			buildSettings = {
				ALWAYS_SEARCH_USER_PATHS = NO;
				CLANG_ANALYZER_NONNULL = YES;
				CLANG_ANALYZER_NUMBER_OBJECT_CONVERSION = YES_AGGRESSIVE;
				CLANG_CXX_LANGUAGE_STANDARD = "gnu++14";
				CLANG_CXX_LIBRARY = "libc++";
				CLANG_ENABLE_MODULES = YES;
				CLANG_ENABLE_OBJC_ARC = YES;
				CLANG_ENABLE_OBJC_WEAK = YES;
				CLANG_WARN_BLOCK_CAPTURE_AUTORELEASING = YES;
				CLANG_WARN_BOOL_CONVERSION = YES;
				CLANG_WARN_COMMA = YES;
				CLANG_WARN_CONSTANT_CONVERSION = YES;
				CLANG_WARN_DEPRECATED_OBJC_IMPLEMENTATIONS = YES;
				CLANG_WARN_DIRECT_OBJC_ISA_USAGE = YES_ERROR;
				CLANG_WARN_DOCUMENTATION_COMMENTS = YES;
				CLANG_WARN_EMPTY_BODY = YES;
				CLANG_WARN_ENUM_CONVERSION = YES;
				CLANG_WARN_INFINITE_RECURSION = YES;
				CLANG_WARN_INT_CONVERSION = YES;
				CLANG_WARN_NON_LITERAL_NULL_CONVERSION = YES;
				CLANG_WARN_OBJC_IMPLICIT_RETAIN_SELF = YES;
				CLANG_WARN_OBJC_LITERAL_CONVERSION = YES;
				CLANG_WARN_OBJC_ROOT_CLASS = YES_ERROR;
				CLANG_WARN_RANGE_LOOP_ANALYSIS = YES;
				CLANG_WARN_STRICT_PROTOTYPES = YES;
				CLANG_WARN_SUSPICIOUS_MOVE = YES;
				CLANG_WARN_UNGUARDED_AVAILABILITY = YES_AGGRESSIVE;
				CLANG_WARN_UNREACHABLE_CODE = YES;
				CLANG_WARN__DUPLICATE_METHOD_MATCH = YES;
				CODE_SIGN_IDENTITY = "iPhone Developer";
				COPY_PHASE_STRIP = NO;
				DEBUG_INFORMATION_FORMAT = dwarf;
				ENABLE_STRICT_OBJC_MSGSEND = YES;
				ENABLE_TESTABILITY = YES;
				GCC_C_LANGUAGE_STANDARD = gnu11;
				GCC_DYNAMIC_NO_PIC = NO;
				GCC_NO_COMMON_BLOCKS = YES;
				GCC_OPTIMIZATION_LEVEL = 0;
				GCC_PREPROCESSOR_DEFINITIONS = (
					"DEBUG=1",
					"$(inherited)",
				);
				GCC_WARN_64_TO_32_BIT_CONVERSION = YES;
				GCC_WARN_ABOUT_RETURN_TYPE = YES_ERROR;
				GCC_WARN_UNDECLARED_SELECTOR = YES;
				GCC_WARN_UNINITIALIZED_AUTOS = YES_AGGRESSIVE;
				GCC_WARN_UNUSED_FUNCTION = YES;
				GCC_WARN_UNUSED_VARIABLE = YES;
				IPHONEOS_DEPLOYMENT_TARGET = 12.0;
				MTL_ENABLE_DEBUG_INFO = INCLUDE_SOURCE;
				MTL_FAST_MATH = YES;
				ONLY_ACTIVE_ARCH = YES;
				SDKROOT = iphoneos;
				SWIFT_ACTIVE_COMPILATION_CONDITIONS = DEBUG;
				SWIFT_OPTIMIZATION_LEVEL = "-Onone";
			};
			name = Debug;
		};
		6903807A216450130097EC00 /* Release */ = {
			isa = XCBuildConfiguration;
			buildSettings = {
				ALWAYS_SEARCH_USER_PATHS = NO;
				CLANG_ANALYZER_NONNULL = YES;
				CLANG_ANALYZER_NUMBER_OBJECT_CONVERSION = YES_AGGRESSIVE;
				CLANG_CXX_LANGUAGE_STANDARD = "gnu++14";
				CLANG_CXX_LIBRARY = "libc++";
				CLANG_ENABLE_MODULES = YES;
				CLANG_ENABLE_OBJC_ARC = YES;
				CLANG_ENABLE_OBJC_WEAK = YES;
				CLANG_WARN_BLOCK_CAPTURE_AUTORELEASING = YES;
				CLANG_WARN_BOOL_CONVERSION = YES;
				CLANG_WARN_COMMA = YES;
				CLANG_WARN_CONSTANT_CONVERSION = YES;
				CLANG_WARN_DEPRECATED_OBJC_IMPLEMENTATIONS = YES;
				CLANG_WARN_DIRECT_OBJC_ISA_USAGE = YES_ERROR;
				CLANG_WARN_DOCUMENTATION_COMMENTS = YES;
				CLANG_WARN_EMPTY_BODY = YES;
				CLANG_WARN_ENUM_CONVERSION = YES;
				CLANG_WARN_INFINITE_RECURSION = YES;
				CLANG_WARN_INT_CONVERSION = YES;
				CLANG_WARN_NON_LITERAL_NULL_CONVERSION = YES;
				CLANG_WARN_OBJC_IMPLICIT_RETAIN_SELF = YES;
				CLANG_WARN_OBJC_LITERAL_CONVERSION = YES;
				CLANG_WARN_OBJC_ROOT_CLASS = YES_ERROR;
				CLANG_WARN_RANGE_LOOP_ANALYSIS = YES;
				CLANG_WARN_STRICT_PROTOTYPES = YES;
				CLANG_WARN_SUSPICIOUS_MOVE = YES;
				CLANG_WARN_UNGUARDED_AVAILABILITY = YES_AGGRESSIVE;
				CLANG_WARN_UNREACHABLE_CODE = YES;
				CLANG_WARN__DUPLICATE_METHOD_MATCH = YES;
				CODE_SIGN_IDENTITY = "iPhone Developer";
				COPY_PHASE_STRIP = NO;
				DEBUG_INFORMATION_FORMAT = "dwarf-with-dsym";
				ENABLE_NS_ASSERTIONS = NO;
				ENABLE_STRICT_OBJC_MSGSEND = YES;
				GCC_C_LANGUAGE_STANDARD = gnu11;
				GCC_NO_COMMON_BLOCKS = YES;
				GCC_WARN_64_TO_32_BIT_CONVERSION = YES;
				GCC_WARN_ABOUT_RETURN_TYPE = YES_ERROR;
				GCC_WARN_UNDECLARED_SELECTOR = YES;
				GCC_WARN_UNINITIALIZED_AUTOS = YES_AGGRESSIVE;
				GCC_WARN_UNUSED_FUNCTION = YES;
				GCC_WARN_UNUSED_VARIABLE = YES;
				IPHONEOS_DEPLOYMENT_TARGET = 12.0;
				MTL_ENABLE_DEBUG_INFO = NO;
				MTL_FAST_MATH = YES;
				SDKROOT = iphoneos;
				SWIFT_COMPILATION_MODE = wholemodule;
				SWIFT_OPTIMIZATION_LEVEL = "-O";
				VALIDATE_PRODUCT = YES;
			};
			name = Release;
		};
		6903807C216450130097EC00 /* Debug */ = {
			isa = XCBuildConfiguration;
			baseConfigurationReference = BE96D11F92E52C067F2280B3 /* Pods-Numus.debug.xcconfig */;
			buildSettings = {
				ASSETCATALOG_COMPILER_APPICON_NAME = AppIcon;
				CODE_SIGN_ENTITLEMENTS = Numus/Numus.entitlements;
				CODE_SIGN_STYLE = Automatic;
				DEVELOPMENT_TEAM = V37ZCSQ26Y;
				HEADER_SEARCH_PATHS = (
					"$(inherited)",
					"${PODS_ROOT}/Firebase/CoreOnly/Sources",
					"$(PODS_ROOT)/FirebaseUI/FirebaseAuthUI",
					"$(PODS_ROOT)/FirebaseUI/FirebaseFacebookAuthUI",
					"$(PODS_ROOT)/FirebaseUI/FirebaseGoogleAuthUI",
					"\"${PODS_ROOT}/Headers/Public\"",
					"\"${PODS_ROOT}/Headers/Public/Firebase\"",
					"\"${PODS_ROOT}/Headers/Public/FirebaseAuthInterop\"",
					"\"${PODS_ROOT}/Headers/Public/GoogleToolboxForMac\"",
				);
				INFOPLIST_FILE = Numus/Info.plist;
				LD_RUNPATH_SEARCH_PATHS = (
					"$(inherited)",
					"@executable_path/Frameworks",
				);
				PRODUCT_BUNDLE_IDENTIFIER = com.Numus.itesm.Numus;
				PRODUCT_NAME = "$(TARGET_NAME)";
				SWIFT_VERSION = 4.2;
				TARGETED_DEVICE_FAMILY = "1,2";
			};
			name = Debug;
		};
		6903807D216450130097EC00 /* Release */ = {
			isa = XCBuildConfiguration;
			baseConfigurationReference = CDB3B6804E80BECF38E33B8A /* Pods-Numus.release.xcconfig */;
			buildSettings = {
				ASSETCATALOG_COMPILER_APPICON_NAME = AppIcon;
				CODE_SIGN_ENTITLEMENTS = Numus/Numus.entitlements;
				CODE_SIGN_STYLE = Automatic;
				DEVELOPMENT_TEAM = V37ZCSQ26Y;
				HEADER_SEARCH_PATHS = (
					"$(inherited)",
					"${PODS_ROOT}/Firebase/CoreOnly/Sources",
					"$(PODS_ROOT)/FirebaseUI/FirebaseAuthUI",
					"$(PODS_ROOT)/FirebaseUI/FirebaseFacebookAuthUI",
					"$(PODS_ROOT)/FirebaseUI/FirebaseGoogleAuthUI",
					"\"${PODS_ROOT}/Headers/Public\"",
					"\"${PODS_ROOT}/Headers/Public/Firebase\"",
					"\"${PODS_ROOT}/Headers/Public/FirebaseAuthInterop\"",
					"\"${PODS_ROOT}/Headers/Public/GoogleToolboxForMac\"",
				);
				INFOPLIST_FILE = Numus/Info.plist;
				LD_RUNPATH_SEARCH_PATHS = (
					"$(inherited)",
					"@executable_path/Frameworks",
				);
				PRODUCT_BUNDLE_IDENTIFIER = com.Numus.itesm.Numus;
				PRODUCT_NAME = "$(TARGET_NAME)";
				SWIFT_VERSION = 4.2;
				TARGETED_DEVICE_FAMILY = "1,2";
			};
			name = Release;
		};
/* End XCBuildConfiguration section */

/* Begin XCConfigurationList section */
		69038064216450120097EC00 /* Build configuration list for PBXProject "Numus" */ = {
			isa = XCConfigurationList;
			buildConfigurations = (
				69038079216450130097EC00 /* Debug */,
				6903807A216450130097EC00 /* Release */,
			);
			defaultConfigurationIsVisible = 0;
			defaultConfigurationName = Release;
		};
		6903807B216450130097EC00 /* Build configuration list for PBXNativeTarget "Numus" */ = {
			isa = XCConfigurationList;
			buildConfigurations = (
				6903807C216450130097EC00 /* Debug */,
				6903807D216450130097EC00 /* Release */,
			);
			defaultConfigurationIsVisible = 0;
			defaultConfigurationName = Release;
		};
/* End XCConfigurationList section */
	};
	rootObject = 69038061216450120097EC00 /* Project object */;
}
